
Microsoft Visual Studio Solution File, Format Version 12.00
# Visual Studio Version 17
VisualStudioVersion = 17.8.34322.80
MinimumVisualStudioVersion = 10.0.40219.1
Project("{9A19103F-16F7-4668-BE54-9A1E7A4F7556}") = "MedianPriorityQueue", "MedianPriorityQueue.csproj", "{DFDA5FC9-2D18-4D51-903D-C833A1371DBF}"
EndProject
Project("{FAE04EC0-301F-11D3-BF4B-00C04F79EFBC}") = "MedianPriorityQueueTestConsole", "..\MedianPriorityQueueTestConsole\MedianPriorityQueueTestConsole.csproj", "{7FA5A4FD-79F2-4049-A79C-5488968B388B}"
EndProject
Global
	GlobalSection(SolutionConfigurationPlatforms) = preSolution
		Debug|Any CPU = Debug|Any CPU
		Release|Any CPU = Release|Any CPU
	EndGlobalSection
	GlobalSection(ProjectConfigurationPlatforms) = postSolution
		{DFDA5FC9-2D18-4D51-903D-C833A1371DBF}.Debug|Any CPU.ActiveCfg = Debug|Any CPU
		{DFDA5FC9-2D18-4D51-903D-C833A1371DBF}.Debug|Any CPU.Build.0 = Debug|Any CPU
		{DFDA5FC9-2D18-4D51-903D-C833A1371DBF}.Release|Any CPU.ActiveCfg = Release|Any CPU
		{DFDA5FC9-2D18-4D51-903D-C833A1371DBF}.Release|Any CPU.Build.0 = Release|Any CPU
		{7FA5A4FD-79F2-4049-A79C-5488968B388B}.Debug|Any CPU.ActiveCfg = Debug|Any CPU
		{7FA5A4FD-79F2-4049-A79C-5488968B388B}.Debug|Any CPU.Build.0 = Debug|Any CPU
		{7FA5A4FD-79F2-4049-A79C-5488968B388B}.Release|Any CPU.ActiveCfg = Release|Any CPU
		{7FA5A4FD-79F2-4049-A79C-5488968B388B}.Release|Any CPU.Build.0 = Release|Any CPU
	EndGlobalSection
	GlobalSection(SolutionProperties) = preSolution
		HideSolutionNode = FALSE
	EndGlobalSection
	GlobalSection(ExtensibilityGlobals) = postSolution
		SolutionGuid = {A6474FFA-7C74-4589-BA2F-1701FACF609A}
	EndGlobalSection
EndGlobal
